
Microsoft Visual Studio Solution File, Format Version 12.00
# Visual Studio Version 16
VisualStudioVersion = 16.0.31129.286
MinimumVisualStudioVersion = 10.0.40219.1
Project("{888888A0-9F3D-457C-B088-3A5042F75D52}") = "c_ncie_data_service_api", "c_ncie_data_service_api.pyproj", "{0A2B39E8-4254-4646-AA4A-64D54364026F}"
EndProject
Global
	GlobalSection(SolutionConfigurationPlatforms) = preSolution
		Debug|Any CPU = Debug|Any CPU
		Release|Any CPU = Release|Any CPU
	EndGlobalSection
	GlobalSection(ProjectConfigurationPlatforms) = postSolution
		{0A2B39E8-4254-4646-AA4A-64D54364026F}.Debug|Any CPU.ActiveCfg = Debug|Any CPU
		{0A2B39E8-4254-4646-AA4A-64D54364026F}.Release|Any CPU.ActiveCfg = Release|Any CPU
	EndGlobalSection
	GlobalSection(SolutionProperties) = preSolution
		HideSolutionNode = FALSE
	EndGlobalSection
	GlobalSection(ExtensibilityGlobals) = postSolution
		SolutionGuid = {55E85075-A0B9-49FB-9C68-CF34C9434F9E}
	EndGlobalSection
EndGlobal
